
Microsoft Visual Studio Solution File, Format Version 12.00
# Visual Studio Version 16
VisualStudioVersion = 16.0.32228.343
MinimumVisualStudioVersion = 10.0.40219.1
Project("{FAE04EC0-301F-11D3-BF4B-00C04F79EFBC}") = "CursoDesignPatterns", "CursoDesignPatterns\CursoDesignPatterns.csproj", "{0E30156A-12CC-4ED4-A0A4-A8069F4FE8F8}"
EndProject
Global
	GlobalSection(SolutionConfigurationPlatforms) = preSolution
		Debug|Any CPU = Debug|Any CPU
		Release|Any CPU = Release|Any CPU
	EndGlobalSection
	GlobalSection(ProjectConfigurationPlatforms) = postSolution
		{0E30156A-12CC-4ED4-A0A4-A8069F4FE8F8}.Debug|Any CPU.ActiveCfg = Debug|Any CPU
		{0E30156A-12CC-4ED4-A0A4-A8069F4FE8F8}.Debug|Any CPU.Build.0 = Debug|Any CPU
		{0E30156A-12CC-4ED4-A0A4-A8069F4FE8F8}.Release|Any CPU.ActiveCfg = Release|Any CPU
		{0E30156A-12CC-4ED4-A0A4-A8069F4FE8F8}.Release|Any CPU.Build.0 = Release|Any CPU
	EndGlobalSection
	GlobalSection(SolutionProperties) = preSolution
		HideSolutionNode = FALSE
	EndGlobalSection
	GlobalSection(ExtensibilityGlobals) = postSolution
		SolutionGuid = {A9E77633-1DE5-4C15-BA25-6D998496F5B1}
	EndGlobalSection
EndGlobal
